
Microsoft Visual Studio Solution File, Format Version 12.00
# Visual Studio 15
VisualStudioVersion = 15.0.28307.1831
MinimumVisualStudioVersion = 10.0.40219.1
Project("{FAE04EC0-301F-11D3-BF4B-00C04F79EFBC}") = "WpfApp1", "WpfApp1\WpfApp1.csproj", "{C6D328EE-E1E2-4CC1-9019-9CB40A79DC74}"
EndProject
Global
	GlobalSection(SolutionConfigurationPlatforms) = preSolution
		Debug|Any CPU = Debug|Any CPU
		Release|Any CPU = Release|Any CPU
	EndGlobalSection
	GlobalSection(ProjectConfigurationPlatforms) = postSolution
		{C6D328EE-E1E2-4CC1-9019-9CB40A79DC74}.Debug|Any CPU.ActiveCfg = Debug|Any CPU
		{C6D328EE-E1E2-4CC1-9019-9CB40A79DC74}.Debug|Any CPU.Build.0 = Debug|Any CPU
		{C6D328EE-E1E2-4CC1-9019-9CB40A79DC74}.Release|Any CPU.ActiveCfg = Release|Any CPU
		{C6D328EE-E1E2-4CC1-9019-9CB40A79DC74}.Release|Any CPU.Build.0 = Release|Any CPU
	EndGlobalSection
	GlobalSection(SolutionProperties) = preSolution
		HideSolutionNode = FALSE
	EndGlobalSection
	GlobalSection(ExtensibilityGlobals) = postSolution
		SolutionGuid = {9366B4BA-A772-47B5-A17B-8C153AAFFBDE}
	EndGlobalSection
EndGlobal
